
Microsoft Visual Studio Solution File, Format Version 12.00
# Visual Studio Version 16
VisualStudioVersion = 16.0.29411.108
MinimumVisualStudioVersion = 10.0.40219.1
Project("{888888A0-9F3D-457C-B088-3A5042F75D52}") = "recommender", "recommender.pyproj", "{66FF4854-83D7-4A3C-A0F4-8AA78FE836D7}"
EndProject
Global
	GlobalSection(SolutionConfigurationPlatforms) = preSolution
		Debug|Any CPU = Debug|Any CPU
		Release|Any CPU = Release|Any CPU
	EndGlobalSection
	GlobalSection(ProjectConfigurationPlatforms) = postSolution
		{66FF4854-83D7-4A3C-A0F4-8AA78FE836D7}.Debug|Any CPU.ActiveCfg = Debug|Any CPU
		{66FF4854-83D7-4A3C-A0F4-8AA78FE836D7}.Debug|Any CPU.Build.0 = Debug|Any CPU
		{66FF4854-83D7-4A3C-A0F4-8AA78FE836D7}.Release|Any CPU.ActiveCfg = Release|Any CPU
		{66FF4854-83D7-4A3C-A0F4-8AA78FE836D7}.Release|Any CPU.Build.0 = Release|Any CPU
	EndGlobalSection
	GlobalSection(SolutionProperties) = preSolution
		HideSolutionNode = FALSE
	EndGlobalSection
	GlobalSection(ExtensibilityGlobals) = postSolution
		SolutionGuid = {BCB63A34-836C-45CD-A27B-D66BB31E4AB9}
	EndGlobalSection
EndGlobal
